{
  "version": 2,
  "dependencies": {
    "net8.0": {
      "Dapper": {
        "type": "Direct",
        "requested": "[2.1.72, 2.1.72]",
        "resolved": "2.1.72",
        "contentHash": "ns4mGqQd9a/MhP8m6w556vVlZIa0/MfUu03zrxjZC/jlr1uVCsUac8bkdB+Fs98Llbd56rRSo1eZH5VVmeGZyw=="
      },
      "Microsoft.Extensions.DependencyInjection.Abstractions": {
        "type": "Direct",
        "requested": "[8.0.2, 8.0.2]",
        "resolved": "8.0.2",
        "contentHash": "3iE7UF7MQkCv1cxzCahz+Y/guQbTqieyxyaWKhrRO91itI9cOKO76OHeQDahqG4MmW5umr3CcCvGmK92lWNlbg=="
      },
      "Npgsql": {
        "type": "Direct",
        "requested": "[8.0.9, 8.0.9]",
        "resolved": "8.0.9",
        "contentHash": "H7O9NrvSO+BaojUOK59YmSOi7+RabnBoNPw1F7NgtZhw5uBeAA3bCjTH2VjgacUVHe8K1asPyj/a/mnhJ/e1yA==",
        "dependencies": {
          "Microsoft.Extensions.Logging.Abstractions": "8.0.0"
        }
      },
      "svm.services.contracts": {
        "type": "Project",
        "dependencies": {
          "MediatR.Contracts": "[2.0.1, 2.0.1]",
          "Svm.SharedKernel": "[1.0.0, )"
        }
      },
      "svm.sharedkernel": {
        "type": "Project"
      },
      "MediatR.Contracts": {
        "type": "CentralTransitive",
        "requested": "[2.0.1, 2.0.1]",
        "resolved": "2.0.1",
        "contentHash": "FYv95bNT4UwcNA+G/J1oX5OpRiSUxteXaUt2BJbRSdRNiIUNbggJF69wy6mnk2wYToaanpdXZdCwVylt96MpwQ=="
      },
      "Microsoft.Extensions.Logging.Abstractions": {
        "type": "CentralTransitive",
        "requested": "[8.0.3, 8.0.3]",
        "resolved": "8.0.3",
        "contentHash": "dL0QGToTxggRLMYY4ZYX5AMwBb+byQBd/5dMiZE07Nv73o6I5Are3C7eQTh7K2+A4ct0PVISSr7TZANbiNb2yQ==",
        "dependencies": {
          "Microsoft.Extensions.DependencyInjection.Abstractions": "8.0.2"
        }
      }
    }
  }
}