Microsoft Visual Studio Solution File, Format Version 12.00
# Visual Studio Version 17
VisualStudioVersion = 17.0.31903.59
MinimumVisualStudioVersion = 10.0.40219.1
Project("{66A26720-8FB5-11D2-AA7E-00C04F688DDE}") = "src", "src", "{4993796F-8C86-57E8-A2AB-724BC2AC5B1B}"
EndProject
Project("{66A26720-8FB5-11D2-AA7E-00C04F688DDE}") = "shared", "shared", "{FB75E5DB-CDC8-5E38-9853-4DDACB27F682}"
EndProject
Project("{66A26720-8FB5-11D2-AA7E-00C04F688DDE}") = "modules", "modules", "{B915A173-D83C-565F-B984-972E0083AFA7}"
EndProject
Project("{66A26720-8FB5-11D2-AA7E-00C04F688DDE}") = "application", "application", "{84E267E9-442D-53F9-9BE6-5593C3AA3E48}"
EndProject
Project("{66A26720-8FB5-11D2-AA7E-00C04F688DDE}") = "infrastructure", "infrastructure", "{4A52874F-CB61-507A-857B-84F7BF873971}"
EndProject
Project("{66A26720-8FB5-11D2-AA7E-00C04F688DDE}") = "hosts", "hosts", "{704BF112-6783-5EC6-BD6D-13480E1ECD10}"
EndProject
Project("{66A26720-8FB5-11D2-AA7E-00C04F688DDE}") = "analyzers", "analyzers", "{68D26CDA-D388-5540-9294-E575772664C8}"
EndProject
Project("{66A26720-8FB5-11D2-AA7E-00C04F688DDE}") = "tests", "tests", "{C32E02B6-84F8-589E-8ECE-D337E861BCBA}"
EndProject
Project("{FAE04EC0-301F-11D3-BF4B-00C04F79EFBC}") = "Svm.SharedKernel", "src\shared\Svm.SharedKernel\Svm.SharedKernel.csproj", "{7B1F28CF-8320-58F4-8AD4-424CC197F3E1}"
EndProject
Project("{FAE04EC0-301F-11D3-BF4B-00C04F79EFBC}") = "Svm.Core.Identity", "src\modules\Identity\Svm.Core.Identity\Svm.Core.Identity.csproj", "{BF3A2FDD-A25A-5B11-8BED-44712C361E82}"
EndProject
Project("{FAE04EC0-301F-11D3-BF4B-00C04F79EFBC}") = "Svm.Core.Releases", "src\modules\Releases\Svm.Core.Releases\Svm.Core.Releases.csproj", "{FD8A90D9-C932-56A5-BC8D-ACA239414898}"
EndProject
Project("{FAE04EC0-301F-11D3-BF4B-00C04F79EFBC}") = "Svm.Core.Instances", "src\modules\Instances\Svm.Core.Instances\Svm.Core.Instances.csproj", "{6CCAA5DB-EA23-55F5-A3D8-FAEF390ADF12}"
EndProject
Project("{FAE04EC0-301F-11D3-BF4B-00C04F79EFBC}") = "Svm.Core.Audit", "src\modules\Audit\Svm.Core.Audit\Svm.Core.Audit.csproj", "{5262B5BF-3792-5953-BD7F-7AAFE0C5B5D8}"
EndProject
Project("{FAE04EC0-301F-11D3-BF4B-00C04F79EFBC}") = "Svm.Services.Contracts", "src\shared\Svm.Services.Contracts\Svm.Services.Contracts.csproj", "{AAAC5014-30C8-5722-A319-A9A1733953D6}"
EndProject
Project("{FAE04EC0-301F-11D3-BF4B-00C04F79EFBC}") = "Svm.Services.CrossCutting", "src\shared\Svm.Services.CrossCutting\Svm.Services.CrossCutting.csproj", "{3A6811A1-2549-5DAC-8BD6-3E230293914F}"
EndProject
Project("{FAE04EC0-301F-11D3-BF4B-00C04F79EFBC}") = "Svm.Application", "src\application\Svm.Application\Svm.Application.csproj", "{41F5ADCB-B5A8-51A9-9AF6-CFBFC94ED382}"
EndProject
Project("{FAE04EC0-301F-11D3-BF4B-00C04F79EFBC}") = "Svm.IdentityService", "src\modules\Identity\Svm.IdentityService\Svm.IdentityService.csproj", "{74E03864-BD48-5DED-80A5-4172334AE60E}"
EndProject
Project("{FAE04EC0-301F-11D3-BF4B-00C04F79EFBC}") = "Svm.ReleaseService", "src\modules\Releases\Svm.ReleaseService\Svm.ReleaseService.csproj", "{0B0B0BCF-A7B4-5BF3-B1A1-A27D2E053F56}"
EndProject
Project("{FAE04EC0-301F-11D3-BF4B-00C04F79EFBC}") = "Svm.InstanceService", "src\modules\Instances\Svm.InstanceService\Svm.InstanceService.csproj", "{226365EA-905A-5C5D-B0BF-0126D99CCB0F}"
EndProject
Project("{FAE04EC0-301F-11D3-BF4B-00C04F79EFBC}") = "Svm.AuditService", "src\modules\Audit\Svm.AuditService\Svm.AuditService.csproj", "{E2AEDB71-DEBE-5476-A343-96BB0A28DD2F}"
EndProject
Project("{FAE04EC0-301F-11D3-BF4B-00C04F79EFBC}") = "Svm.EntityFrameworkCore", "src\infrastructure\Svm.EntityFrameworkCore\Svm.EntityFrameworkCore.csproj", "{8EEB7981-C0BC-50AA-AC95-3B8194F6B657}"
EndProject
Project("{FAE04EC0-301F-11D3-BF4B-00C04F79EFBC}") = "Svm.Dapper", "src\infrastructure\Svm.Dapper\Svm.Dapper.csproj", "{585CF6DB-0B9C-51BF-AF8A-105A2B481FD9}"
EndProject
Project("{FAE04EC0-301F-11D3-BF4B-00C04F79EFBC}") = "Svm.EventBus", "src\infrastructure\Svm.EventBus\Svm.EventBus.csproj", "{DD167E3D-A3B3-571E-B260-82D937EED90B}"
EndProject
Project("{FAE04EC0-301F-11D3-BF4B-00C04F79EFBC}") = "Svm.Security", "src\infrastructure\Svm.Security\Svm.Security.csproj", "{39FD709D-309F-5F7B-9613-76B7D292A6DC}"
EndProject
Project("{FAE04EC0-301F-11D3-BF4B-00C04F79EFBC}") = "Svm.ServiceDefaults", "src\hosts\Svm.ServiceDefaults\Svm.ServiceDefaults.csproj", "{956BDD84-E670-53DA-B456-A8F79D93E09D}"
EndProject
Project("{FAE04EC0-301F-11D3-BF4B-00C04F79EFBC}") = "Svm.HttpApi", "src\hosts\Svm.HttpApi\Svm.HttpApi.csproj", "{1F3FE60F-FDFE-5E11-88B2-2CAD5D23A503}"
EndProject
Project("{FAE04EC0-301F-11D3-BF4B-00C04F79EFBC}") = "Svm.Worker", "src\hosts\Svm.Worker\Svm.Worker.csproj", "{857C020F-B5EE-504E-A4B4-7FEB10A45B81}"
EndProject
Project("{FAE04EC0-301F-11D3-BF4B-00C04F79EFBC}") = "Svm.Migration", "src\hosts\Svm.Migration\Svm.Migration.csproj", "{7DC20C5C-F7FE-59E0-9474-79D96727A1A6}"
EndProject
Project("{FAE04EC0-301F-11D3-BF4B-00C04F79EFBC}") = "Svm.Analyzers", "src\analyzers\Svm.Analyzers\Svm.Analyzers.csproj", "{D76DE5CA-8E0F-51CA-B97A-5AA70D32CDB2}"
EndProject
Project("{FAE04EC0-301F-11D3-BF4B-00C04F79EFBC}") = "Svm.ArchitectureTests", "src\tests\Svm.ArchitectureTests\Svm.ArchitectureTests.csproj", "{ED0B5DF2-6C8A-5D4E-9FCE-6ECD3A34AD69}"
EndProject
Project("{FAE04EC0-301F-11D3-BF4B-00C04F79EFBC}") = "Svm.SecurityTests", "src\tests\Svm.SecurityTests\Svm.SecurityTests.csproj", "{475EB68B-EB11-5F6A-983D-3ECDAA9121F9}"
EndProject
Project("{FAE04EC0-301F-11D3-BF4B-00C04F79EFBC}") = "Svm.FrameworkTests", "src\tests\Svm.FrameworkTests\Svm.FrameworkTests.csproj", "{1F03CE85-DBEA-5314-A67E-53D6A79AE65A}"
EndProject
Project("{66A26720-8FB5-11D2-AA7E-00C04F688DDE}") = "Identity", "Identity", "{38465F5B-095E-5FB0-AA05-D74A86C62CB2}"
EndProject
Project("{66A26720-8FB5-11D2-AA7E-00C04F688DDE}") = "Releases", "Releases", "{47BF0B2A-7397-5FA5-A7E8-2ED9E2800BE7}"
EndProject
Project("{66A26720-8FB5-11D2-AA7E-00C04F688DDE}") = "Instances", "Instances", "{8CB6401D-44D5-562B-AF88-3C1D171F0A8A}"
EndProject
Project("{66A26720-8FB5-11D2-AA7E-00C04F688DDE}") = "Audit", "Audit", "{445E3FC9-9456-5F60-873A-CAA285D5808A}"
EndProject
Global
	GlobalSection(SolutionConfigurationPlatforms) = preSolution
		Debug|Any CPU = Debug|Any CPU
		Release|Any CPU = Release|Any CPU
	EndGlobalSection
	GlobalSection(ProjectConfigurationPlatforms) = postSolution
		{7B1F28CF-8320-58F4-8AD4-424CC197F3E1}.Debug|Any CPU.ActiveCfg = Debug|Any CPU
		{7B1F28CF-8320-58F4-8AD4-424CC197F3E1}.Debug|Any CPU.Build.0 = Debug|Any CPU
		{7B1F28CF-8320-58F4-8AD4-424CC197F3E1}.Release|Any CPU.ActiveCfg = Release|Any CPU
		{7B1F28CF-8320-58F4-8AD4-424CC197F3E1}.Release|Any CPU.Build.0 = Release|Any CPU
		{BF3A2FDD-A25A-5B11-8BED-44712C361E82}.Debug|Any CPU.ActiveCfg = Debug|Any CPU
		{BF3A2FDD-A25A-5B11-8BED-44712C361E82}.Debug|Any CPU.Build.0 = Debug|Any CPU
		{BF3A2FDD-A25A-5B11-8BED-44712C361E82}.Release|Any CPU.ActiveCfg = Release|Any CPU
		{BF3A2FDD-A25A-5B11-8BED-44712C361E82}.Release|Any CPU.Build.0 = Release|Any CPU
		{FD8A90D9-C932-56A5-BC8D-ACA239414898}.Debug|Any CPU.ActiveCfg = Debug|Any CPU
		{FD8A90D9-C932-56A5-BC8D-ACA239414898}.Debug|Any CPU.Build.0 = Debug|Any CPU
		{FD8A90D9-C932-56A5-BC8D-ACA239414898}.Release|Any CPU.ActiveCfg = Release|Any CPU
		{FD8A90D9-C932-56A5-BC8D-ACA239414898}.Release|Any CPU.Build.0 = Release|Any CPU
		{6CCAA5DB-EA23-55F5-A3D8-FAEF390ADF12}.Debug|Any CPU.ActiveCfg = Debug|Any CPU
		{6CCAA5DB-EA23-55F5-A3D8-FAEF390ADF12}.Debug|Any CPU.Build.0 = Debug|Any CPU
		{6CCAA5DB-EA23-55F5-A3D8-FAEF390ADF12}.Release|Any CPU.ActiveCfg = Release|Any CPU
		{6CCAA5DB-EA23-55F5-A3D8-FAEF390ADF12}.Release|Any CPU.Build.0 = Release|Any CPU
		{5262B5BF-3792-5953-BD7F-7AAFE0C5B5D8}.Debug|Any CPU.ActiveCfg = Debug|Any CPU
		{5262B5BF-3792-5953-BD7F-7AAFE0C5B5D8}.Debug|Any CPU.Build.0 = Debug|Any CPU
		{5262B5BF-3792-5953-BD7F-7AAFE0C5B5D8}.Release|Any CPU.ActiveCfg = Release|Any CPU
		{5262B5BF-3792-5953-BD7F-7AAFE0C5B5D8}.Release|Any CPU.Build.0 = Release|Any CPU
		{AAAC5014-30C8-5722-A319-A9A1733953D6}.Debug|Any CPU.ActiveCfg = Debug|Any CPU
		{AAAC5014-30C8-5722-A319-A9A1733953D6}.Debug|Any CPU.Build.0 = Debug|Any CPU
		{AAAC5014-30C8-5722-A319-A9A1733953D6}.Release|Any CPU.ActiveCfg = Release|Any CPU
		{AAAC5014-30C8-5722-A319-A9A1733953D6}.Release|Any CPU.Build.0 = Release|Any CPU
		{3A6811A1-2549-5DAC-8BD6-3E230293914F}.Debug|Any CPU.ActiveCfg = Debug|Any CPU
		{3A6811A1-2549-5DAC-8BD6-3E230293914F}.Debug|Any CPU.Build.0 = Debug|Any CPU
		{3A6811A1-2549-5DAC-8BD6-3E230293914F}.Release|Any CPU.ActiveCfg = Release|Any CPU
		{3A6811A1-2549-5DAC-8BD6-3E230293914F}.Release|Any CPU.Build.0 = Release|Any CPU
		{41F5ADCB-B5A8-51A9-9AF6-CFBFC94ED382}.Debug|Any CPU.ActiveCfg = Debug|Any CPU
		{41F5ADCB-B5A8-51A9-9AF6-CFBFC94ED382}.Debug|Any CPU.Build.0 = Debug|Any CPU
		{41F5ADCB-B5A8-51A9-9AF6-CFBFC94ED382}.Release|Any CPU.ActiveCfg = Release|Any CPU
		{41F5ADCB-B5A8-51A9-9AF6-CFBFC94ED382}.Release|Any CPU.Build.0 = Release|Any CPU
		{74E03864-BD48-5DED-80A5-4172334AE60E}.Debug|Any CPU.ActiveCfg = Debug|Any CPU
		{74E03864-BD48-5DED-80A5-4172334AE60E}.Debug|Any CPU.Build.0 = Debug|Any CPU
		{74E03864-BD48-5DED-80A5-4172334AE60E}.Release|Any CPU.ActiveCfg = Release|Any CPU
		{74E03864-BD48-5DED-80A5-4172334AE60E}.Release|Any CPU.Build.0 = Release|Any CPU
		{0B0B0BCF-A7B4-5BF3-B1A1-A27D2E053F56}.Debug|Any CPU.ActiveCfg = Debug|Any CPU
		{0B0B0BCF-A7B4-5BF3-B1A1-A27D2E053F56}.Debug|Any CPU.Build.0 = Debug|Any CPU
		{0B0B0BCF-A7B4-5BF3-B1A1-A27D2E053F56}.Release|Any CPU.ActiveCfg = Release|Any CPU
		{0B0B0BCF-A7B4-5BF3-B1A1-A27D2E053F56}.Release|Any CPU.Build.0 = Release|Any CPU
		{226365EA-905A-5C5D-B0BF-0126D99CCB0F}.Debug|Any CPU.ActiveCfg = Debug|Any CPU
		{226365EA-905A-5C5D-B0BF-0126D99CCB0F}.Debug|Any CPU.Build.0 = Debug|Any CPU
		{226365EA-905A-5C5D-B0BF-0126D99CCB0F}.Release|Any CPU.ActiveCfg = Release|Any CPU
		{226365EA-905A-5C5D-B0BF-0126D99CCB0F}.Release|Any CPU.Build.0 = Release|Any CPU
		{E2AEDB71-DEBE-5476-A343-96BB0A28DD2F}.Debug|Any CPU.ActiveCfg = Debug|Any CPU
		{E2AEDB71-DEBE-5476-A343-96BB0A28DD2F}.Debug|Any CPU.Build.0 = Debug|Any CPU
		{E2AEDB71-DEBE-5476-A343-96BB0A28DD2F}.Release|Any CPU.ActiveCfg = Release|Any CPU
		{E2AEDB71-DEBE-5476-A343-96BB0A28DD2F}.Release|Any CPU.Build.0 = Release|Any CPU
		{8EEB7981-C0BC-50AA-AC95-3B8194F6B657}.Debug|Any CPU.ActiveCfg = Debug|Any CPU
		{8EEB7981-C0BC-50AA-AC95-3B8194F6B657}.Debug|Any CPU.Build.0 = Debug|Any CPU
		{8EEB7981-C0BC-50AA-AC95-3B8194F6B657}.Release|Any CPU.ActiveCfg = Release|Any CPU
		{8EEB7981-C0BC-50AA-AC95-3B8194F6B657}.Release|Any CPU.Build.0 = Release|Any CPU
		{585CF6DB-0B9C-51BF-AF8A-105A2B481FD9}.Debug|Any CPU.ActiveCfg = Debug|Any CPU
		{585CF6DB-0B9C-51BF-AF8A-105A2B481FD9}.Debug|Any CPU.Build.0 = Debug|Any CPU
		{585CF6DB-0B9C-51BF-AF8A-105A2B481FD9}.Release|Any CPU.ActiveCfg = Release|Any CPU
		{585CF6DB-0B9C-51BF-AF8A-105A2B481FD9}.Release|Any CPU.Build.0 = Release|Any CPU
		{DD167E3D-A3B3-571E-B260-82D937EED90B}.Debug|Any CPU.ActiveCfg = Debug|Any CPU
		{DD167E3D-A3B3-571E-B260-82D937EED90B}.Debug|Any CPU.Build.0 = Debug|Any CPU
		{DD167E3D-A3B3-571E-B260-82D937EED90B}.Release|Any CPU.ActiveCfg = Release|Any CPU
		{DD167E3D-A3B3-571E-B260-82D937EED90B}.Release|Any CPU.Build.0 = Release|Any CPU
		{39FD709D-309F-5F7B-9613-76B7D292A6DC}.Debug|Any CPU.ActiveCfg = Debug|Any CPU
		{39FD709D-309F-5F7B-9613-76B7D292A6DC}.Debug|Any CPU.Build.0 = Debug|Any CPU
		{39FD709D-309F-5F7B-9613-76B7D292A6DC}.Release|Any CPU.ActiveCfg = Release|Any CPU
		{39FD709D-309F-5F7B-9613-76B7D292A6DC}.Release|Any CPU.Build.0 = Release|Any CPU
		{956BDD84-E670-53DA-B456-A8F79D93E09D}.Debug|Any CPU.ActiveCfg = Debug|Any CPU
		{956BDD84-E670-53DA-B456-A8F79D93E09D}.Debug|Any CPU.Build.0 = Debug|Any CPU
		{956BDD84-E670-53DA-B456-A8F79D93E09D}.Release|Any CPU.ActiveCfg = Release|Any CPU
		{956BDD84-E670-53DA-B456-A8F79D93E09D}.Release|Any CPU.Build.0 = Release|Any CPU
		{1F3FE60F-FDFE-5E11-88B2-2CAD5D23A503}.Debug|Any CPU.ActiveCfg = Debug|Any CPU
		{1F3FE60F-FDFE-5E11-88B2-2CAD5D23A503}.Debug|Any CPU.Build.0 = Debug|Any CPU
		{1F3FE60F-FDFE-5E11-88B2-2CAD5D23A503}.Release|Any CPU.ActiveCfg = Release|Any CPU
		{1F3FE60F-FDFE-5E11-88B2-2CAD5D23A503}.Release|Any CPU.Build.0 = Release|Any CPU
		{857C020F-B5EE-504E-A4B4-7FEB10A45B81}.Debug|Any CPU.ActiveCfg = Debug|Any CPU
		{857C020F-B5EE-504E-A4B4-7FEB10A45B81}.Debug|Any CPU.Build.0 = Debug|Any CPU
		{857C020F-B5EE-504E-A4B4-7FEB10A45B81}.Release|Any CPU.ActiveCfg = Release|Any CPU
		{857C020F-B5EE-504E-A4B4-7FEB10A45B81}.Release|Any CPU.Build.0 = Release|Any CPU
		{7DC20C5C-F7FE-59E0-9474-79D96727A1A6}.Debug|Any CPU.ActiveCfg = Debug|Any CPU
		{7DC20C5C-F7FE-59E0-9474-79D96727A1A6}.Debug|Any CPU.Build.0 = Debug|Any CPU
		{7DC20C5C-F7FE-59E0-9474-79D96727A1A6}.Release|Any CPU.ActiveCfg = Release|Any CPU
		{7DC20C5C-F7FE-59E0-9474-79D96727A1A6}.Release|Any CPU.Build.0 = Release|Any CPU
		{D76DE5CA-8E0F-51CA-B97A-5AA70D32CDB2}.Debug|Any CPU.ActiveCfg = Debug|Any CPU
		{D76DE5CA-8E0F-51CA-B97A-5AA70D32CDB2}.Debug|Any CPU.Build.0 = Debug|Any CPU
		{D76DE5CA-8E0F-51CA-B97A-5AA70D32CDB2}.Release|Any CPU.ActiveCfg = Release|Any CPU
		{D76DE5CA-8E0F-51CA-B97A-5AA70D32CDB2}.Release|Any CPU.Build.0 = Release|Any CPU
		{ED0B5DF2-6C8A-5D4E-9FCE-6ECD3A34AD69}.Debug|Any CPU.ActiveCfg = Debug|Any CPU
		{ED0B5DF2-6C8A-5D4E-9FCE-6ECD3A34AD69}.Debug|Any CPU.Build.0 = Debug|Any CPU
		{ED0B5DF2-6C8A-5D4E-9FCE-6ECD3A34AD69}.Release|Any CPU.ActiveCfg = Release|Any CPU
		{ED0B5DF2-6C8A-5D4E-9FCE-6ECD3A34AD69}.Release|Any CPU.Build.0 = Release|Any CPU
		{475EB68B-EB11-5F6A-983D-3ECDAA9121F9}.Debug|Any CPU.ActiveCfg = Debug|Any CPU
		{475EB68B-EB11-5F6A-983D-3ECDAA9121F9}.Debug|Any CPU.Build.0 = Debug|Any CPU
		{475EB68B-EB11-5F6A-983D-3ECDAA9121F9}.Release|Any CPU.ActiveCfg = Release|Any CPU
		{475EB68B-EB11-5F6A-983D-3ECDAA9121F9}.Release|Any CPU.Build.0 = Release|Any CPU
		{1F03CE85-DBEA-5314-A67E-53D6A79AE65A}.Debug|Any CPU.ActiveCfg = Debug|Any CPU
		{1F03CE85-DBEA-5314-A67E-53D6A79AE65A}.Debug|Any CPU.Build.0 = Debug|Any CPU
		{1F03CE85-DBEA-5314-A67E-53D6A79AE65A}.Release|Any CPU.ActiveCfg = Release|Any CPU
		{1F03CE85-DBEA-5314-A67E-53D6A79AE65A}.Release|Any CPU.Build.0 = Release|Any CPU
	EndGlobalSection
	GlobalSection(NestedProjects) = preSolution
		{FB75E5DB-CDC8-5E38-9853-4DDACB27F682} = {4993796F-8C86-57E8-A2AB-724BC2AC5B1B}
		{B915A173-D83C-565F-B984-972E0083AFA7} = {4993796F-8C86-57E8-A2AB-724BC2AC5B1B}
		{84E267E9-442D-53F9-9BE6-5593C3AA3E48} = {4993796F-8C86-57E8-A2AB-724BC2AC5B1B}
		{4A52874F-CB61-507A-857B-84F7BF873971} = {4993796F-8C86-57E8-A2AB-724BC2AC5B1B}
		{704BF112-6783-5EC6-BD6D-13480E1ECD10} = {4993796F-8C86-57E8-A2AB-724BC2AC5B1B}
		{68D26CDA-D388-5540-9294-E575772664C8} = {4993796F-8C86-57E8-A2AB-724BC2AC5B1B}
		{C32E02B6-84F8-589E-8ECE-D337E861BCBA} = {4993796F-8C86-57E8-A2AB-724BC2AC5B1B}
		{7B1F28CF-8320-58F4-8AD4-424CC197F3E1} = {FB75E5DB-CDC8-5E38-9853-4DDACB27F682}
		{BF3A2FDD-A25A-5B11-8BED-44712C361E82} = {38465F5B-095E-5FB0-AA05-D74A86C62CB2}
		{FD8A90D9-C932-56A5-BC8D-ACA239414898} = {47BF0B2A-7397-5FA5-A7E8-2ED9E2800BE7}
		{6CCAA5DB-EA23-55F5-A3D8-FAEF390ADF12} = {8CB6401D-44D5-562B-AF88-3C1D171F0A8A}
		{5262B5BF-3792-5953-BD7F-7AAFE0C5B5D8} = {445E3FC9-9456-5F60-873A-CAA285D5808A}
		{AAAC5014-30C8-5722-A319-A9A1733953D6} = {FB75E5DB-CDC8-5E38-9853-4DDACB27F682}
		{3A6811A1-2549-5DAC-8BD6-3E230293914F} = {FB75E5DB-CDC8-5E38-9853-4DDACB27F682}
		{41F5ADCB-B5A8-51A9-9AF6-CFBFC94ED382} = {84E267E9-442D-53F9-9BE6-5593C3AA3E48}
		{74E03864-BD48-5DED-80A5-4172334AE60E} = {38465F5B-095E-5FB0-AA05-D74A86C62CB2}
		{0B0B0BCF-A7B4-5BF3-B1A1-A27D2E053F56} = {47BF0B2A-7397-5FA5-A7E8-2ED9E2800BE7}
		{226365EA-905A-5C5D-B0BF-0126D99CCB0F} = {8CB6401D-44D5-562B-AF88-3C1D171F0A8A}
		{E2AEDB71-DEBE-5476-A343-96BB0A28DD2F} = {445E3FC9-9456-5F60-873A-CAA285D5808A}
		{8EEB7981-C0BC-50AA-AC95-3B8194F6B657} = {4A52874F-CB61-507A-857B-84F7BF873971}
		{585CF6DB-0B9C-51BF-AF8A-105A2B481FD9} = {4A52874F-CB61-507A-857B-84F7BF873971}
		{DD167E3D-A3B3-571E-B260-82D937EED90B} = {4A52874F-CB61-507A-857B-84F7BF873971}
		{39FD709D-309F-5F7B-9613-76B7D292A6DC} = {4A52874F-CB61-507A-857B-84F7BF873971}
		{956BDD84-E670-53DA-B456-A8F79D93E09D} = {704BF112-6783-5EC6-BD6D-13480E1ECD10}
		{1F3FE60F-FDFE-5E11-88B2-2CAD5D23A503} = {704BF112-6783-5EC6-BD6D-13480E1ECD10}
		{857C020F-B5EE-504E-A4B4-7FEB10A45B81} = {704BF112-6783-5EC6-BD6D-13480E1ECD10}
		{7DC20C5C-F7FE-59E0-9474-79D96727A1A6} = {704BF112-6783-5EC6-BD6D-13480E1ECD10}
		{D76DE5CA-8E0F-51CA-B97A-5AA70D32CDB2} = {68D26CDA-D388-5540-9294-E575772664C8}
		{ED0B5DF2-6C8A-5D4E-9FCE-6ECD3A34AD69} = {C32E02B6-84F8-589E-8ECE-D337E861BCBA}
		{475EB68B-EB11-5F6A-983D-3ECDAA9121F9} = {C32E02B6-84F8-589E-8ECE-D337E861BCBA}
		{1F03CE85-DBEA-5314-A67E-53D6A79AE65A} = {C32E02B6-84F8-589E-8ECE-D337E861BCBA}
		{38465F5B-095E-5FB0-AA05-D74A86C62CB2} = {B915A173-D83C-565F-B984-972E0083AFA7}
		{47BF0B2A-7397-5FA5-A7E8-2ED9E2800BE7} = {B915A173-D83C-565F-B984-972E0083AFA7}
		{8CB6401D-44D5-562B-AF88-3C1D171F0A8A} = {B915A173-D83C-565F-B984-972E0083AFA7}
		{445E3FC9-9456-5F60-873A-CAA285D5808A} = {B915A173-D83C-565F-B984-972E0083AFA7}
	EndGlobalSection
EndGlobal
