{
  "version": 2,
  "dependencies": {
    "net8.0": {
      "Microsoft.Extensions.DependencyInjection.Abstractions": {
        "type": "Direct",
        "requested": "[8.0.2, 8.0.2]",
        "resolved": "8.0.2",
        "contentHash": "3iE7UF7MQkCv1cxzCahz+Y/guQbTqieyxyaWKhrRO91itI9cOKO76OHeQDahqG4MmW5umr3CcCvGmK92lWNlbg=="
      },
      "svm.core.audit": {
        "type": "Project",
        "dependencies": {
          "Svm.SharedKernel": "[1.0.0, )"
        }
      },
      "svm.services.contracts": {
        "type": "Project",
        "dependencies": {
          "MediatR.Contracts": "[2.0.1, 2.0.1]",
          "Svm.SharedKernel": "[1.0.0, )"
        }
      },
      "svm.sharedkernel": {
        "type": "Project"
      },
      "MediatR.Contracts": {
        "type": "CentralTransitive",
        "requested": "[2.0.1, 2.0.1]",
        "resolved": "2.0.1",
        "contentHash": "FYv95bNT4UwcNA+G/J1oX5OpRiSUxteXaUt2BJbRSdRNiIUNbggJF69wy6mnk2wYToaanpdXZdCwVylt96MpwQ=="
      }
    }
  }
}